
Microsoft Visual Studio Solution File, Format Version 12.00
# Visual Studio Version 16
VisualStudioVersion = 16.0.29306.81
MinimumVisualStudioVersion = 10.0.40219.1
Project("{FAE04EC0-301F-11D3-BF4B-00C04F79EFBC}") = "ReachHelpTestCases", "ReachHelpTestCases\ReachHelpTestCases.csproj", "{C0BAE391-7E9B-4984-94CD-504DCF2F992D}"
EndProject
Global
	GlobalSection(SolutionConfigurationPlatforms) = preSolution
		Debug|Any CPU = Debug|Any CPU
		Release|Any CPU = Release|Any CPU
	EndGlobalSection
	GlobalSection(ProjectConfigurationPlatforms) = postSolution
		{C0BAE391-7E9B-4984-94CD-504DCF2F992D}.Debug|Any CPU.ActiveCfg = Debug|Any CPU
		{C0BAE391-7E9B-4984-94CD-504DCF2F992D}.Debug|Any CPU.Build.0 = Debug|Any CPU
		{C0BAE391-7E9B-4984-94CD-504DCF2F992D}.Release|Any CPU.ActiveCfg = Release|Any CPU
		{C0BAE391-7E9B-4984-94CD-504DCF2F992D}.Release|Any CPU.Build.0 = Release|Any CPU
	EndGlobalSection
	GlobalSection(SolutionProperties) = preSolution
		HideSolutionNode = FALSE
	EndGlobalSection
	GlobalSection(ExtensibilityGlobals) = postSolution
		SolutionGuid = {C666D295-33FE-4468-9BAA-C95CEF8A68AF}
	EndGlobalSection
EndGlobal
